
Microsoft Visual Studio Solution File, Format Version 12.00
# Visual Studio 15
VisualStudioVersion = 15.0.28307.572
MinimumVisualStudioVersion = 10.0.40219.1
Project("{FAE04EC0-301F-11D3-BF4B-00C04F79EFBC}") = "MVCClient", "MVCClient\MVCClient.csproj", "{C59906B8-5DD6-45A3-8371-D7E987694468}"
EndProject
Global
	GlobalSection(SolutionConfigurationPlatforms) = preSolution
		Debug|Any CPU = Debug|Any CPU
		Release|Any CPU = Release|Any CPU
	EndGlobalSection
	GlobalSection(ProjectConfigurationPlatforms) = postSolution
		{C59906B8-5DD6-45A3-8371-D7E987694468}.Debug|Any CPU.ActiveCfg = Debug|Any CPU
		{C59906B8-5DD6-45A3-8371-D7E987694468}.Debug|Any CPU.Build.0 = Debug|Any CPU
		{C59906B8-5DD6-45A3-8371-D7E987694468}.Release|Any CPU.ActiveCfg = Release|Any CPU
		{C59906B8-5DD6-45A3-8371-D7E987694468}.Release|Any CPU.Build.0 = Release|Any CPU
	EndGlobalSection
	GlobalSection(SolutionProperties) = preSolution
		HideSolutionNode = FALSE
	EndGlobalSection
	GlobalSection(ExtensibilityGlobals) = postSolution
		SolutionGuid = {1A07F0F4-7D93-41CA-94ED-53F003CCA2CF}
	EndGlobalSection
EndGlobal
